github.com/evgensoft/gigachat v0.0.0-20250409142046-9633e2b5f6a4 h1:pGtixp7sUTi+EmLf3O8sFQPW3V8Bidbf5yyveBFlVc8=
github.com/evgensoft/gigachat v0.0.0-20250409142046-9633e2b5f6a4/go.mod h1:q69ei2J/lzuISjt7acMBALmPQDvTBeR/WzHwrrXD3sE=
github.com/google/uuid v1.6.0 h1:NIvaJDMOsjHA8n1jAhLSgzrAzy1Hgr+hNrb57e+94F0=
github.com/google/uuid v1.6.0/go.mod h1:TIyPZe4MgqvfeYDBFedMoGGpEw/LqOeaOT+nhxU+yHo=
github.com/gorilla/mux v1.8.1 h1:TuBL49tXwgrFYWhqrNgrUNEY92u81SPhu7sTdzQEiWY=
github.com/gorilla/mux v1.8.1/go.mod h1:AKf9I4AEqPTmMytcMc0KkNouC66V3BtZ4qD5fmWSiMQ=
golang.org/x/net v0.44.0 h1:evd8IRDyfNBMBTTY5XRF1vaZlD+EmWx6x8PkhR04H/I=
golang.org/x/net v0.44.0/go.mod h1:ECOoLqd5U3Lhyeyo/QDCEVQ4sNgYsqvCZ722XogGieY=
